{
    "_readme": [
        "This file locks the dependencies of your project to a known state",
        "Read more about it at https://getcomposer.org/doc/01-basic-usage.md#installing-dependencies",
        "This file is @generated automatically"
    ],
    "content-hash": "f69ddebb99c1510d0f3cd9015d34413b",
    "packages": [
        {
            "name": "league/flysystem",
            "version": "3.18.0",
            "source": {
                "type": "git",
                "url": "https://github.com/thephpleague/flysystem.git",
                "reference": "015633a05aee22490495159237a5944091d8281e"
            },
            "dist": {
                "type": "zip",
                "url": "https://api.github.com/repos/thephpleague/flysystem/zipball/015633a05aee22490495159237a5944091d8281e",
                "reference": "015633a05aee22490495159237a5944091d8281e",
                "shasum": ""
            },
            "require": {
                "league/flysystem-local": "^3.0.0",
                "league/mime-type-detection": "^1.0.0",
                "php": "^8.0.2"
            },
            "conflict": {
                "async-aws/core": "<1.19.0",
                "async-aws/s3": "<1.14.0",
                "aws/aws-sdk-php": "3.209.31 || 3.210.0",
                "guzzlehttp/guzzle": "<7.0",
                "guzzlehttp/ringphp": "<1.1.1",
                "phpseclib/phpseclib": "3.0.15",
                "symfony/http-client": "<5.2"
            },
            "require-dev": {
                "async-aws/s3": "^1.5 || ^2.0",
                "async-aws/simple-s3": "^1.1 || ^2.0",
                "aws/aws-sdk-php": "^3.220.0",
                "composer/semver": "^3.0",
                "ext-fileinfo": "*",
                "ext-ftp": "*",
                "ext-zip": "*",
                "friendsofphp/php-cs-fixer": "^3.5",
                "google/cloud-storage": "^1.23",
                "microsoft/azure-storage-blob": "^1.1",
                "phpseclib/phpseclib": "^3.0.14",
                "phpstan/phpstan": "^1.10",
                "phpunit/phpunit": "^9.5.11|^10.0",
                "sabre/dav": "^4.3.1"
            },
            "type": "library",
            "autoload": {
                "psr-4": {
                    "League\\Flysystem\\": "src"
                }
            },
            "notification-url": "https://packagist.org/downloads/",
            "license": [
                "MIT"
            ],
            "authors": [
                {
                    "name": "Frank de Jonge",
                    "email": "info@frankdejonge.nl"
                }
            ],
            "description": "File storage abstraction for PHP",
            "keywords": [
                "WebDAV",
                "aws",
                "cloud",
                "file",
                "files",
                "filesystem",
                "filesystems",
                "ftp",
                "s3",
                "sftp",
                "storage"
            ],
            "support": {
                "issues": "https://github.com/thephpleague/flysystem/issues",
                "source": "https://github.com/thephpleague/flysystem/tree/3.18.0"
            },
            "funding": [
                {
                    "url": "https://ecologi.com/frankdejonge",
                    "type": "custom"
                },
                {
                    "url": "https://github.com/frankdejonge",
                    "type": "github"
                }
            ],
            "time": "2023-10-20T17:59:40+00:00"
        },
        {
            "name": "league/flysystem-local",
            "version": "3.18.0",
            "source": {
                "type": "git",
                "url": "https://github.com/thephpleague/flysystem-local.git",
                "reference": "e7381ef7643f658b87efb7dbe98fe538fb1bbf32"
            },
            "dist": {
                "type": "zip",
                "url": "https://api.github.com/repos/thephpleague/flysystem-local/zipball/e7381ef7643f658b87efb7dbe98fe538fb1bbf32",
                "reference": "e7381ef7643f658b87efb7dbe98fe538fb1bbf32",
                "shasum": ""
            },
            "require": {
                "ext-fileinfo": "*",
                "league/flysystem": "^3.0.0",
                "league/mime-type-detection": "^1.0.0",
                "php": "^8.0.2"
            },
            "type": "library",
            "autoload": {
                "psr-4": {
                    "League\\Flysystem\\Local\\": ""
                }
            },
            "notification-url": "https://packagist.org/downloads/",
            "license": [
                "MIT"
            ],
            "authors": [
                {
                    "name": "Frank de Jonge",
                    "email": "info@frankdejonge.nl"
                }
            ],
            "description": "Local filesystem adapter for Flysystem.",
            "keywords": [
                "Flysystem",
                "file",
                "files",
                "filesystem",
                "local"
            ],
            "support": {
                "issues": "https://github.com/thephpleague/flysystem-local/issues",
                "source": "https://github.com/thephpleague/flysystem-local/tree/3.18.0"
            },
            "funding": [
                {
                    "url": "https://ecologi.com/frankdejonge",
                    "type": "custom"
                },
                {
                    "url": "https://github.com/frankdejonge",
                    "type": "github"
                }
            ],
            "time": "2023-10-19T20:07:13+00:00"
        },
        {
            "name": "league/mime-type-detection",
            "version": "1.14.0",
            "source": {
                "type": "git",
                "url": "https://github.com/thephpleague/mime-type-detection.git",
                "reference": "b6a5854368533df0295c5761a0253656a2e52d9e"
            },
            "dist": {
                "type": "zip",
                "url": "https://api.github.com/repos/thephpleague/mime-type-detection/zipball/b6a5854368533df0295c5761a0253656a2e52d9e",
                "reference": "b6a5854368533df0295c5761a0253656a2e52d9e",
                "shasum": ""
            },
            "require": {
                "ext-fileinfo": "*",
                "php": "^7.4 || ^8.0"
            },
            "require-dev": {
                "friendsofphp/php-cs-fixer": "^3.2",
                "phpstan/phpstan": "^0.12.68",
                "phpunit/phpunit": "^8.5.8 || ^9.3 || ^10.0"
            },
            "type": "library",
            "autoload": {
                "psr-4": {
                    "League\\MimeTypeDetection\\": "src"
                }
            },
            "notification-url": "https://packagist.org/downloads/",
            "license": [
                "MIT"
            ],
            "authors": [
                {
                    "name": "Frank de Jonge",
                    "email": "info@frankdejonge.nl"
                }
            ],
            "description": "Mime-type detection for Flysystem",
            "support": {
                "issues": "https://github.com/thephpleague/mime-type-detection/issues",
                "source": "https://github.com/thephpleague/mime-type-detection/tree/1.14.0"
            },
            "funding": [
                {
                    "url": "https://github.com/frankdejonge",
                    "type": "github"
                },
                {
                    "url": "https://tidelift.com/funding/github/packagist/league/flysystem",
                    "type": "tidelift"
                }
            ],
            "time": "2023-10-17T14:13:20+00:00"
        }
    ],
    "packages-dev": [
        {
            "name": "league/flysystem-adapter-test-utilities",
            "version": "3.16.0",
            "source": {
                "type": "git",
                "url": "https://github.com/thephpleague/flysystem-adapter-test-utilities.git",
                "reference": "bf4c950b176bbefcc49c443cdab1ffb62a9fef5c"
            },
            "dist": {
                "type": "zip",
                "url": "https://api.github.com/repos/thephpleague/flysystem-adapter-test-utilities/zipball/bf4c950b176bbefcc49c443cdab1ffb62a9fef5c",
                "reference": "bf4c950b176bbefcc49c443cdab1ffb62a9fef5c",
                "shasum": ""
            },
            "require": {
                "league/flysystem": "^3.0.0",
                "php": "^8.0.2"
            },
            "type": "library",
            "autoload": {
                "files": [
                    "test-functions.php"
                ],
                "psr-4": {
                    "League\\Flysystem\\AdapterTestUtilities\\": ""
                }
            },
            "notification-url": "https://packagist.org/downloads/",
            "license": [
                "MIT"
            ],
            "authors": [
                {
                    "name": "Frank de Jonge",
                    "email": "info@frankdejonge.nl"
                }
            ],
            "description": "Flysystem utilities for testing adapters.",
            "keywords": [
                "Flysystem",
                "adapter",
                "filesystem",
                "test",
                "utilities"
            ],
            "support": {
                "issues": "https://github.com/thephpleague/flysystem-adapter-test-utilities/issues",
                "source": "https://github.com/thephpleague/flysystem-adapter-test-utilities/tree/3.16.0"
            },
            "funding": [
                {
                    "url": "https://ecologi.com/frankdejonge",
                    "type": "custom"
                },
                {
                    "url": "https://github.com/frankdejonge",
                    "type": "github"
                }
            ],
            "time": "2023-08-03T10:50:16+00:00"
        }
    ],
    "aliases": [],
    "minimum-stability": "stable",
    "stability-flags": [],
    "prefer-stable": false,
    "prefer-lowest": false,
    "platform": [],
    "platform-dev": [],
    "plugin-api-version": "2.6.0"
}
